// !$*UTF8*$!
{
	archiveVersion = 1;
	classes = {
	};
	objectVersion = 48;
	objects = {

/* Begin PBXBuildFile section */
		0B0AB82BBEAFCCC00FB5C932 /* Pods_github_user_lookupTests.framework in Frameworks */ = {isa = PBXBuildFile; fileRef = F884E00A68FC21EC43B45752 /* Pods_github_user_lookupTests.framework */; };
		6A07A2CB2113E59F000440C6 /* ErrorMessage.swift in Sources */ = {isa = PBXBuildFile; fileRef = 6A07A2CA2113E59F000440C6 /* ErrorMessage.swift */; };
		6A07A2CF2113EB5B000440C6 /* LookupError.swift in Sources */ = {isa = PBXBuildFile; fileRef = 6A07A2CE2113EB5B000440C6 /* LookupError.swift */; };
		6AF366B5210D3F680097114C /* AppDelegate.swift in Sources */ = {isa = PBXBuildFile; fileRef = 6AF366B4210D3F680097114C /* AppDelegate.swift */; };
		6AF366BA210D3F680097114C /* Main.storyboard in Resources */ = {isa = PBXBuildFile; fileRef = 6AF366B8210D3F680097114C /* Main.storyboard */; };
		6AF366BC210D3F680097114C /* Assets.xcassets in Resources */ = {isa = PBXBuildFile; fileRef = 6AF366BB210D3F680097114C /* Assets.xcassets */; };
		6AF366BF210D3F680097114C /* LaunchScreen.storyboard in Resources */ = {isa = PBXBuildFile; fileRef = 6AF366BD210D3F680097114C /* LaunchScreen.storyboard */; };
		6AF366CA210D3F680097114C /* github_user_lookupTests.swift in Sources */ = {isa = PBXBuildFile; fileRef = 6AF366C9210D3F680097114C /* github_user_lookupTests.swift */; };
		6AF366D9210D4D560097114C /* UserLookupViewController.swift in Sources */ = {isa = PBXBuildFile; fileRef = 6AF366D8210D4D560097114C /* UserLookupViewController.swift */; };
		6AF366DB210D4D840097114C /* UserDetailsViewController.swift in Sources */ = {isa = PBXBuildFile; fileRef = 6AF366DA210D4D840097114C /* UserDetailsViewController.swift */; };
		6AF366DE210D4DAB0097114C /* RepositoryTableViewCell.swift in Sources */ = {isa = PBXBuildFile; fileRef = 6AF366DC210D4DAB0097114C /* RepositoryTableViewCell.swift */; };
		6AF366DF210D4DAB0097114C /* RepositoryTableViewCell.xib in Resources */ = {isa = PBXBuildFile; fileRef = 6AF366DD210D4DAB0097114C /* RepositoryTableViewCell.xib */; };
		6AF366E3210D57220097114C /* RequestGateway.swift in Sources */ = {isa = PBXBuildFile; fileRef = 6AF366E2210D57220097114C /* RequestGateway.swift */; };
		6AF366E5210D57F00097114C /* Result.swift in Sources */ = {isa = PBXBuildFile; fileRef = 6AF366E4210D57F00097114C /* Result.swift */; };
		6AF366E9210D82170097114C /* Repository.swift in Sources */ = {isa = PBXBuildFile; fileRef = 6AF366E8210D82170097114C /* Repository.swift */; };
		DB31B70521A5EF0E008483DC /* AnimatedButton.swift in Sources */ = {isa = PBXBuildFile; fileRef = DB31B70421A5EF0E008483DC /* AnimatedButton.swift */; };
		DB31B70721A5EF96008483DC /* Spinner.swift in Sources */ = {isa = PBXBuildFile; fileRef = DB31B70621A5EF96008483DC /* Spinner.swift */; };
		DB437BAF21ADCA5C00471ADA /* CGRectExtension.swift in Sources */ = {isa = PBXBuildFile; fileRef = DB437BAE21ADCA5C00471ADA /* CGRectExtension.swift */; };
		DB437BB121ADDAC500471ADA /* TransitionViewController.swift in Sources */ = {isa = PBXBuildFile; fileRef = DB437BB021ADDAC500471ADA /* TransitionViewController.swift */; };
		DB437BB321ADDAF500471ADA /* FadeTransition.swift in Sources */ = {isa = PBXBuildFile; fileRef = DB437BB221ADDAF500471ADA /* FadeTransition.swift */; };
		EA0A2DD9198D9F296086ABD6 /* Pods_github_user_lookup.framework in Frameworks */ = {isa = PBXBuildFile; fileRef = 529D6A56E41FC23847720303 /* Pods_github_user_lookup.framework */; };
/* End PBXBuildFile section */

/* Begin PBXContainerItemProxy section */
		6AF366C6210D3F680097114C /* PBXContainerItemProxy */ = {
			isa = PBXContainerItemProxy;
			containerPortal = 6AF366A9210D3F680097114C /* Project object */;
			proxyType = 1;
			remoteGlobalIDString = 6AF366B0210D3F680097114C;
			remoteInfo = "github-user-lookup";
		};
/* End PBXContainerItemProxy section */

/* Begin PBXFileReference section */
		0C583B795AD71BA999E8D332 /* Pods-github-user-lookup.debug.xcconfig */ = {isa = PBXFileReference; includeInIndex = 1; lastKnownFileType = text.xcconfig; name = "Pods-github-user-lookup.debug.xcconfig"; path = "Pods/Target Support Files/Pods-github-user-lookup/Pods-github-user-lookup.debug.xcconfig"; sourceTree = "<group>"; };
		37A19AEB72349830511C5330 /* Pods-github-user-lookup.release.xcconfig */ = {isa = PBXFileReference; includeInIndex = 1; lastKnownFileType = text.xcconfig; name = "Pods-github-user-lookup.release.xcconfig"; path = "Pods/Target Support Files/Pods-github-user-lookup/Pods-github-user-lookup.release.xcconfig"; sourceTree = "<group>"; };
		529D6A56E41FC23847720303 /* Pods_github_user_lookup.framework */ = {isa = PBXFileReference; explicitFileType = wrapper.framework; includeInIndex = 0; path = Pods_github_user_lookup.framework; sourceTree = BUILT_PRODUCTS_DIR; };
		6A07A2CA2113E59F000440C6 /* ErrorMessage.swift */ = {isa = PBXFileReference; lastKnownFileType = sourcecode.swift; path = ErrorMessage.swift; sourceTree = "<group>"; };
		6A07A2CE2113EB5B000440C6 /* LookupError.swift */ = {isa = PBXFileReference; lastKnownFileType = sourcecode.swift; path = LookupError.swift; sourceTree = "<group>"; };
		6AF366B1210D3F680097114C /* github-user-lookup.app */ = {isa = PBXFileReference; explicitFileType = wrapper.application; includeInIndex = 0; path = "github-user-lookup.app"; sourceTree = BUILT_PRODUCTS_DIR; };
		6AF366B4210D3F680097114C /* AppDelegate.swift */ = {isa = PBXFileReference; lastKnownFileType = sourcecode.swift; path = AppDelegate.swift; sourceTree = "<group>"; };
		6AF366B9210D3F680097114C /* Base */ = {isa = PBXFileReference; lastKnownFileType = file.storyboard; name = Base; path = Base.lproj/Main.storyboard; sourceTree = "<group>"; };
		6AF366BB210D3F680097114C /* Assets.xcassets */ = {isa = PBXFileReference; lastKnownFileType = folder.assetcatalog; path = Assets.xcassets; sourceTree = "<group>"; };
		6AF366BE210D3F680097114C /* Base */ = {isa = PBXFileReference; lastKnownFileType = file.storyboard; name = Base; path = Base.lproj/LaunchScreen.storyboard; sourceTree = "<group>"; };
		6AF366C0210D3F680097114C /* Info.plist */ = {isa = PBXFileReference; lastKnownFileType = text.plist.xml; path = Info.plist; sourceTree = "<group>"; };
		6AF366C5210D3F680097114C /* github-user-lookupTests.xctest */ = {isa = PBXFileReference; explicitFileType = wrapper.cfbundle; includeInIndex = 0; path = "github-user-lookupTests.xctest"; sourceTree = BUILT_PRODUCTS_DIR; };
		6AF366C9210D3F680097114C /* github_user_lookupTests.swift */ = {isa = PBXFileReference; lastKnownFileType = sourcecode.swift; path = github_user_lookupTests.swift; sourceTree = "<group>"; };
		6AF366CB210D3F680097114C /* Info.plist */ = {isa = PBXFileReference; lastKnownFileType = text.plist.xml; path = Info.plist; sourceTree = "<group>"; };
		6AF366D8210D4D560097114C /* UserLookupViewController.swift */ = {isa = PBXFileReference; lastKnownFileType = sourcecode.swift; path = UserLookupViewController.swift; sourceTree = "<group>"; };
		6AF366DA210D4D840097114C /* UserDetailsViewController.swift */ = {isa = PBXFileReference; lastKnownFileType = sourcecode.swift; path = UserDetailsViewController.swift; sourceTree = "<group>"; };
		6AF366DC210D4DAB0097114C /* RepositoryTableViewCell.swift */ = {isa = PBXFileReference; lastKnownFileType = sourcecode.swift; path = RepositoryTableViewCell.swift; sourceTree = "<group>"; };
		6AF366DD210D4DAB0097114C /* RepositoryTableViewCell.xib */ = {isa = PBXFileReference; lastKnownFileType = file.xib; path = RepositoryTableViewCell.xib; sourceTree = "<group>"; };
		6AF366E2210D57220097114C /* RequestGateway.swift */ = {isa = PBXFileReference; lastKnownFileType = sourcecode.swift; path = RequestGateway.swift; sourceTree = "<group>"; };
		6AF366E4210D57F00097114C /* Result.swift */ = {isa = PBXFileReference; lastKnownFileType = sourcecode.swift; path = Result.swift; sourceTree = "<group>"; };
		6AF366E8210D82170097114C /* Repository.swift */ = {isa = PBXFileReference; lastKnownFileType = sourcecode.swift; path = Repository.swift; sourceTree = "<group>"; };
		A02CF978C24D83F1A0D639AF /* Pods-github-user-lookupTests.release.xcconfig */ = {isa = PBXFileReference; includeInIndex = 1; lastKnownFileType = text.xcconfig; name = "Pods-github-user-lookupTests.release.xcconfig"; path = "Pods/Target Support Files/Pods-github-user-lookupTests/Pods-github-user-lookupTests.release.xcconfig"; sourceTree = "<group>"; };
		A7CFAB3E4E7C6E1AB8F8B027 /* Pods-github-user-lookupTests.debug.xcconfig */ = {isa = PBXFileReference; includeInIndex = 1; lastKnownFileType = text.xcconfig; name = "Pods-github-user-lookupTests.debug.xcconfig"; path = "Pods/Target Support Files/Pods-github-user-lookupTests/Pods-github-user-lookupTests.debug.xcconfig"; sourceTree = "<group>"; };
		DB31B70421A5EF0E008483DC /* AnimatedButton.swift */ = {isa = PBXFileReference; lastKnownFileType = sourcecode.swift; path = AnimatedButton.swift; sourceTree = "<group>"; };
		DB31B70621A5EF96008483DC /* Spinner.swift */ = {isa = PBXFileReference; lastKnownFileType = sourcecode.swift; path = Spinner.swift; sourceTree = "<group>"; };
		DB437BAE21ADCA5C00471ADA /* CGRectExtension.swift */ = {isa = PBXFileReference; lastKnownFileType = sourcecode.swift; path = CGRectExtension.swift; sourceTree = "<group>"; };
		DB437BB021ADDAC500471ADA /* TransitionViewController.swift */ = {isa = PBXFileReference; lastKnownFileType = sourcecode.swift; path = TransitionViewController.swift; sourceTree = "<group>"; };
		DB437BB221ADDAF500471ADA /* FadeTransition.swift */ = {isa = PBXFileReference; lastKnownFileType = sourcecode.swift; path = FadeTransition.swift; sourceTree = "<group>"; };
		F884E00A68FC21EC43B45752 /* Pods_github_user_lookupTests.framework */ = {isa = PBXFileReference; explicitFileType = wrapper.framework; includeInIndex = 0; path = Pods_github_user_lookupTests.framework; sourceTree = BUILT_PRODUCTS_DIR; };
/* End PBXFileReference section */

/* Begin PBXFrameworksBuildPhase section */
		6AF366AE210D3F680097114C /* Frameworks */ = {
			isa = PBXFrameworksBuildPhase;
			buildActionMask = 2147483647;
			files = (
				EA0A2DD9198D9F296086ABD6 /* Pods_github_user_lookup.framework in Frameworks */,
			);
			runOnlyForDeploymentPostprocessing = 0;
		};
		6AF366C2210D3F680097114C /* Frameworks */ = {
			isa = PBXFrameworksBuildPhase;
			buildActionMask = 2147483647;
			files = (
				0B0AB82BBEAFCCC00FB5C932 /* Pods_github_user_lookupTests.framework in Frameworks */,
			);
			runOnlyForDeploymentPostprocessing = 0;
		};
/* End PBXFrameworksBuildPhase section */

/* Begin PBXGroup section */
		6AF366A8210D3F680097114C = {
			isa = PBXGroup;
			children = (
				6AF366B3210D3F680097114C /* github-user-lookup */,
				6AF366C8210D3F680097114C /* github-user-lookupTests */,
				6AF366B2210D3F680097114C /* Products */,
				78DCA53762C00C40290227F9 /* Pods */,
				F37C0C743160F024D4C115E2 /* Frameworks */,
			);
			sourceTree = "<group>";
		};
		6AF366B2210D3F680097114C /* Products */ = {
			isa = PBXGroup;
			children = (
				6AF366B1210D3F680097114C /* github-user-lookup.app */,
				6AF366C5210D3F680097114C /* github-user-lookupTests.xctest */,
			);
			name = Products;
			sourceTree = "<group>";
		};
		6AF366B3210D3F680097114C /* github-user-lookup */ = {
			isa = PBXGroup;
			children = (
				6AF366D4210D3FED0097114C /* Entities */,
				6AF366D5210D3FFF0097114C /* Gateways */,
				DB31B70321A5EED4008483DC /* Sources */,
				6AF366D6210D40070097114C /* Storyboards */,
				6AF366D7210D400F0097114C /* ViewControllers */,
				6AF366B4210D3F680097114C /* AppDelegate.swift */,
				6AF366BB210D3F680097114C /* Assets.xcassets */,
				6AF366C0210D3F680097114C /* Info.plist */,
			);
			path = "github-user-lookup";
			sourceTree = "<group>";
		};
		6AF366C8210D3F680097114C /* github-user-lookupTests */ = {
			isa = PBXGroup;
			children = (
				6AF366C9210D3F680097114C /* github_user_lookupTests.swift */,
				6AF366CB210D3F680097114C /* Info.plist */,
			);
			path = "github-user-lookupTests";
			sourceTree = "<group>";
		};
		6AF366D4210D3FED0097114C /* Entities */ = {
			isa = PBXGroup;
			children = (
				6AF366E8210D82170097114C /* Repository.swift */,
				6AF366E4210D57F00097114C /* Result.swift */,
				6A07A2CE2113EB5B000440C6 /* LookupError.swift */,
			);
			path = Entities;
			sourceTree = "<group>";
		};
		6AF366D5210D3FFF0097114C /* Gateways */ = {
			isa = PBXGroup;
			children = (
				6AF366E2210D57220097114C /* RequestGateway.swift */,
			);
			path = Gateways;
			sourceTree = "<group>";
		};
		6AF366D6210D40070097114C /* Storyboards */ = {
			isa = PBXGroup;
			children = (
				6AF366BD210D3F680097114C /* LaunchScreen.storyboard */,
				6AF366B8210D3F680097114C /* Main.storyboard */,
				6AF366DD210D4DAB0097114C /* RepositoryTableViewCell.xib */,
			);
			path = Storyboards;
			sourceTree = "<group>";
		};
		6AF366D7210D400F0097114C /* ViewControllers */ = {
			isa = PBXGroup;
			children = (
				6A07A2CA2113E59F000440C6 /* ErrorMessage.swift */,
				6AF366DC210D4DAB0097114C /* RepositoryTableViewCell.swift */,
				6AF366DA210D4D840097114C /* UserDetailsViewController.swift */,
				6AF366D8210D4D560097114C /* UserLookupViewController.swift */,
			);
			path = ViewControllers;
			sourceTree = "<group>";
		};
		78DCA53762C00C40290227F9 /* Pods */ = {
			isa = PBXGroup;
			children = (
				0C583B795AD71BA999E8D332 /* Pods-github-user-lookup.debug.xcconfig */,
				37A19AEB72349830511C5330 /* Pods-github-user-lookup.release.xcconfig */,
				A7CFAB3E4E7C6E1AB8F8B027 /* Pods-github-user-lookupTests.debug.xcconfig */,
				A02CF978C24D83F1A0D639AF /* Pods-github-user-lookupTests.release.xcconfig */,
			);
			name = Pods;
			sourceTree = "<group>";
		};
		DB31B70321A5EED4008483DC /* Sources */ = {
			isa = PBXGroup;
			children = (
				DB31B70421A5EF0E008483DC /* AnimatedButton.swift */,
				DB437BAE21ADCA5C00471ADA /* CGRectExtension.swift */,
				DB437BB221ADDAF500471ADA /* FadeTransition.swift */,
				DB31B70621A5EF96008483DC /* Spinner.swift */,
				DB437BB021ADDAC500471ADA /* TransitionViewController.swift */,
			);
			path = Sources;
			sourceTree = "<group>";
		};
		F37C0C743160F024D4C115E2 /* Frameworks */ = {
			isa = PBXGroup;
			children = (
				529D6A56E41FC23847720303 /* Pods_github_user_lookup.framework */,
				F884E00A68FC21EC43B45752 /* Pods_github_user_lookupTests.framework */,
			);
			name = Frameworks;
			sourceTree = "<group>";
		};
/* End PBXGroup section */

/* Begin PBXNativeTarget section */
		6AF366B0210D3F680097114C /* github-user-lookup */ = {
			isa = PBXNativeTarget;
			buildConfigurationList = 6AF366CE210D3F680097114C /* Build configuration list for PBXNativeTarget "github-user-lookup" */;
			buildPhases = (
				ADA5F95C055368861D0834B0 /* [CP] Check Pods Manifest.lock */,
				6AF366AD210D3F680097114C /* Sources */,
				6AF366AE210D3F680097114C /* Frameworks */,
				6AF366AF210D3F680097114C /* Resources */,
				66E4D25500EC14572CA5C935 /* [CP] Embed Pods Frameworks */,
				9D76B3C8E7BCB1E4500A972E /* [CP] Copy Pods Resources */,
				6A9B9C3E210D83F500BC62ED /* ShellScript */,
			);
			buildRules = (
			);
			dependencies = (
			);
			name = "github-user-lookup";
			productName = "github-user-lookup";
			productReference = 6AF366B1210D3F680097114C /* github-user-lookup.app */;
			productType = "com.apple.product-type.application";
		};
		6AF366C4210D3F680097114C /* github-user-lookupTests */ = {
			isa = PBXNativeTarget;
			buildConfigurationList = 6AF366D1210D3F680097114C /* Build configuration list for PBXNativeTarget "github-user-lookupTests" */;
			buildPhases = (
				DD77822DDAD8CD48E889D9F1 /* [CP] Check Pods Manifest.lock */,
				6AF366C1210D3F680097114C /* Sources */,
				6AF366C2210D3F680097114C /* Frameworks */,
				6AF366C3210D3F680097114C /* Resources */,
				FF152B839C18CF48316112E2 /* [CP] Embed Pods Frameworks */,
				785DFF5082168BA840FA1B7E /* [CP] Copy Pods Resources */,
			);
			buildRules = (
			);
			dependencies = (
				6AF366C7210D3F680097114C /* PBXTargetDependency */,
			);
			name = "github-user-lookupTests";
			productName = "github-user-lookupTests";
			productReference = 6AF366C5210D3F680097114C /* github-user-lookupTests.xctest */;
			productType = "com.apple.product-type.bundle.unit-test";
		};
/* End PBXNativeTarget section */

/* Begin PBXProject section */
		6AF366A9210D3F680097114C /* Project object */ = {
			isa = PBXProject;
			attributes = {
				LastSwiftUpdateCheck = 0920;
				LastUpgradeCheck = 0940;
				ORGANIZATIONNAME = "Luiza Garofalo";
				TargetAttributes = {
					6AF366B0210D3F680097114C = {
						CreatedOnToolsVersion = 9.2;
						ProvisioningStyle = Automatic;
					};
					6AF366C4210D3F680097114C = {
						CreatedOnToolsVersion = 9.2;
						ProvisioningStyle = Automatic;
						TestTargetID = 6AF366B0210D3F680097114C;
					};
				};
			};
			buildConfigurationList = 6AF366AC210D3F680097114C /* Build configuration list for PBXProject "github-user-lookup" */;
			compatibilityVersion = "Xcode 8.0";
			developmentRegion = en;
			hasScannedForEncodings = 0;
			knownRegions = (
				en,
				Base,
			);
			mainGroup = 6AF366A8210D3F680097114C;
			productRefGroup = 6AF366B2210D3F680097114C /* Products */;
			projectDirPath = "";
			projectRoot = "";
			targets = (
				6AF366B0210D3F680097114C /* github-user-lookup */,
				6AF366C4210D3F680097114C /* github-user-lookupTests */,
			);
		};
/* End PBXProject section */

/* Begin PBXResourcesBuildPhase section */
		6AF366AF210D3F680097114C /* Resources */ = {
			isa = PBXResourcesBuildPhase;
			buildActionMask = 2147483647;
			files = (
				6AF366BF210D3F680097114C /* LaunchScreen.storyboard in Resources */,
				6AF366BC210D3F680097114C /* Assets.xcassets in Resources */,
				6AF366BA210D3F680097114C /* Main.storyboard in Resources */,
				6AF366DF210D4DAB0097114C /* RepositoryTableViewCell.xib in Resources */,
			);
			runOnlyForDeploymentPostprocessing = 0;
		};
		6AF366C3210D3F680097114C /* Resources */ = {
			isa = PBXResourcesBuildPhase;
			buildActionMask = 2147483647;
			files = (
			);
			runOnlyForDeploymentPostprocessing = 0;
		};
/* End PBXResourcesBuildPhase section */

/* Begin PBXShellScriptBuildPhase section */
		66E4D25500EC14572CA5C935 /* [CP] Embed Pods Frameworks */ = {
			isa = PBXShellScriptBuildPhase;
			buildActionMask = 2147483647;
			files = (
			);
			inputPaths = (
				"${SRCROOT}/Pods/Target Support Files/Pods-github-user-lookup/Pods-github-user-lookup-frameworks.sh",
				"${BUILT_PRODUCTS_DIR}/SDWebImage/SDWebImage.framework",
			);
			name = "[CP] Embed Pods Frameworks";
			outputPaths = (
				"${TARGET_BUILD_DIR}/${FRAMEWORKS_FOLDER_PATH}/SDWebImage.framework",
			);
			runOnlyForDeploymentPostprocessing = 0;
			shellPath = /bin/sh;
			shellScript = "\"${SRCROOT}/Pods/Target Support Files/Pods-github-user-lookup/Pods-github-user-lookup-frameworks.sh\"\n";
			showEnvVarsInLog = 0;
		};
		6A9B9C3E210D83F500BC62ED /* ShellScript */ = {
			isa = PBXShellScriptBuildPhase;
			buildActionMask = 2147483647;
			files = (
			);
			inputPaths = (
			);
			outputPaths = (
			);
			runOnlyForDeploymentPostprocessing = 0;
			shellPath = /bin/sh;
			shellScript = "if which swiftlint >/dev/null; then\nswiftlint\nelse\necho \"warning: SwiftLint not installed, download from https://github.com/realm/SwiftLint\"\nfi";
		};
		785DFF5082168BA840FA1B7E /* [CP] Copy Pods Resources */ = {
			isa = PBXShellScriptBuildPhase;
			buildActionMask = 2147483647;
			files = (
			);
			inputPaths = (
			);
			name = "[CP] Copy Pods Resources";
			outputPaths = (
			);
			runOnlyForDeploymentPostprocessing = 0;
			shellPath = /bin/sh;
			shellScript = "\"${SRCROOT}/Pods/Target Support Files/Pods-github-user-lookupTests/Pods-github-user-lookupTests-resources.sh\"\n";
			showEnvVarsInLog = 0;
		};
		9D76B3C8E7BCB1E4500A972E /* [CP] Copy Pods Resources */ = {
			isa = PBXShellScriptBuildPhase;
			buildActionMask = 2147483647;
			files = (
			);
			inputPaths = (
			);
			name = "[CP] Copy Pods Resources";
			outputPaths = (
			);
			runOnlyForDeploymentPostprocessing = 0;
			shellPath = /bin/sh;
			shellScript = "\"${SRCROOT}/Pods/Target Support Files/Pods-github-user-lookup/Pods-github-user-lookup-resources.sh\"\n";
			showEnvVarsInLog = 0;
		};
		ADA5F95C055368861D0834B0 /* [CP] Check Pods Manifest.lock */ = {
			isa = PBXShellScriptBuildPhase;
			buildActionMask = 2147483647;
			files = (
			);
			inputPaths = (
				"${PODS_PODFILE_DIR_PATH}/Podfile.lock",
				"${PODS_ROOT}/Manifest.lock",
			);
			name = "[CP] Check Pods Manifest.lock";
			outputPaths = (
				"$(DERIVED_FILE_DIR)/Pods-github-user-lookup-checkManifestLockResult.txt",
			);
			runOnlyForDeploymentPostprocessing = 0;
			shellPath = /bin/sh;
			shellScript = "diff \"${PODS_PODFILE_DIR_PATH}/Podfile.lock\" \"${PODS_ROOT}/Manifest.lock\" > /dev/null\nif [ $? != 0 ] ; then\n    # print error to STDERR\n    echo \"error: The sandbox is not in sync with the Podfile.lock. Run 'pod install' or update your CocoaPods installation.\" >&2\n    exit 1\nfi\n# This output is used by Xcode 'outputs' to avoid re-running this script phase.\necho \"SUCCESS\" > \"${SCRIPT_OUTPUT_FILE_0}\"\n";
			showEnvVarsInLog = 0;
		};
		DD77822DDAD8CD48E889D9F1 /* [CP] Check Pods Manifest.lock */ = {
			isa = PBXShellScriptBuildPhase;
			buildActionMask = 2147483647;
			files = (
			);
			inputPaths = (
				"${PODS_PODFILE_DIR_PATH}/Podfile.lock",
				"${PODS_ROOT}/Manifest.lock",
			);
			name = "[CP] Check Pods Manifest.lock";
			outputPaths = (
				"$(DERIVED_FILE_DIR)/Pods-github-user-lookupTests-checkManifestLockResult.txt",
			);
			runOnlyForDeploymentPostprocessing = 0;
			shellPath = /bin/sh;
			shellScript = "diff \"${PODS_PODFILE_DIR_PATH}/Podfile.lock\" \"${PODS_ROOT}/Manifest.lock\" > /dev/null\nif [ $? != 0 ] ; then\n    # print error to STDERR\n    echo \"error: The sandbox is not in sync with the Podfile.lock. Run 'pod install' or update your CocoaPods installation.\" >&2\n    exit 1\nfi\n# This output is used by Xcode 'outputs' to avoid re-running this script phase.\necho \"SUCCESS\" > \"${SCRIPT_OUTPUT_FILE_0}\"\n";
			showEnvVarsInLog = 0;
		};
		FF152B839C18CF48316112E2 /* [CP] Embed Pods Frameworks */ = {
			isa = PBXShellScriptBuildPhase;
			buildActionMask = 2147483647;
			files = (
			);
			inputPaths = (
			);
			name = "[CP] Embed Pods Frameworks";
			outputPaths = (
			);
			runOnlyForDeploymentPostprocessing = 0;
			shellPath = /bin/sh;
			shellScript = "\"${SRCROOT}/Pods/Target Support Files/Pods-github-user-lookupTests/Pods-github-user-lookupTests-frameworks.sh\"\n";
			showEnvVarsInLog = 0;
		};
/* End PBXShellScriptBuildPhase section */

/* Begin PBXSourcesBuildPhase section */
		6AF366AD210D3F680097114C /* Sources */ = {
			isa = PBXSourcesBuildPhase;
			buildActionMask = 2147483647;
			files = (
				DB31B70721A5EF96008483DC /* Spinner.swift in Sources */,
				6AF366B5210D3F680097114C /* AppDelegate.swift in Sources */,
				6AF366D9210D4D560097114C /* UserLookupViewController.swift in Sources */,
				6A07A2CF2113EB5B000440C6 /* LookupError.swift in Sources */,
				6A07A2CB2113E59F000440C6 /* ErrorMessage.swift in Sources */,
				6AF366E3210D57220097114C /* RequestGateway.swift in Sources */,
				6AF366DB210D4D840097114C /* UserDetailsViewController.swift in Sources */,
				6AF366E5210D57F00097114C /* Result.swift in Sources */,
				DB437BB321ADDAF500471ADA /* FadeTransition.swift in Sources */,
				6AF366DE210D4DAB0097114C /* RepositoryTableViewCell.swift in Sources */,
				DB437BAF21ADCA5C00471ADA /* CGRectExtension.swift in Sources */,
				DB31B70521A5EF0E008483DC /* AnimatedButton.swift in Sources */,
				6AF366E9210D82170097114C /* Repository.swift in Sources */,
				DB437BB121ADDAC500471ADA /* TransitionViewController.swift in Sources */,
			);
			runOnlyForDeploymentPostprocessing = 0;
		};
		6AF366C1210D3F680097114C /* Sources */ = {
			isa = PBXSourcesBuildPhase;
			buildActionMask = 2147483647;
			files = (
				6AF366CA210D3F680097114C /* github_user_lookupTests.swift in Sources */,
			);
			runOnlyForDeploymentPostprocessing = 0;
		};
/* End PBXSourcesBuildPhase section */

/* Begin PBXTargetDependency section */
		6AF366C7210D3F680097114C /* PBXTargetDependency */ = {
			isa = PBXTargetDependency;
			target = 6AF366B0210D3F680097114C /* github-user-lookup */;
			targetProxy = 6AF366C6210D3F680097114C /* PBXContainerItemProxy */;
		};
/* End PBXTargetDependency section */

/* Begin PBXVariantGroup section */
		6AF366B8210D3F680097114C /* Main.storyboard */ = {
			isa = PBXVariantGroup;
			children = (
				6AF366B9210D3F680097114C /* Base */,
			);
			name = Main.storyboard;
			sourceTree = "<group>";
		};
		6AF366BD210D3F680097114C /* LaunchScreen.storyboard */ = {
			isa = PBXVariantGroup;
			children = (
				6AF366BE210D3F680097114C /* Base */,
			);
			name = LaunchScreen.storyboard;
			sourceTree = "<group>";
		};
/* End PBXVariantGroup section */

/* Begin XCBuildConfiguration section */
		6AF366CC210D3F680097114C /* Debug */ = {
			isa = XCBuildConfiguration;
			buildSettings = {
				ALWAYS_SEARCH_USER_PATHS = NO;
				CLANG_ANALYZER_NONNULL = YES;
				CLANG_ANALYZER_NUMBER_OBJECT_CONVERSION = YES_AGGRESSIVE;
				CLANG_CXX_LANGUAGE_STANDARD = "gnu++14";
				CLANG_CXX_LIBRARY = "libc++";
				CLANG_ENABLE_MODULES = YES;
				CLANG_ENABLE_OBJC_ARC = YES;
				CLANG_WARN_BLOCK_CAPTURE_AUTORELEASING = YES;
				CLANG_WARN_BOOL_CONVERSION = YES;
				CLANG_WARN_COMMA = YES;
				CLANG_WARN_CONSTANT_CONVERSION = YES;
				CLANG_WARN_DEPRECATED_OBJC_IMPLEMENTATIONS = YES;
				CLANG_WARN_DIRECT_OBJC_ISA_USAGE = YES_ERROR;
				CLANG_WARN_DOCUMENTATION_COMMENTS = YES;
				CLANG_WARN_EMPTY_BODY = YES;
				CLANG_WARN_ENUM_CONVERSION = YES;
				CLANG_WARN_INFINITE_RECURSION = YES;
				CLANG_WARN_INT_CONVERSION = YES;
				CLANG_WARN_NON_LITERAL_NULL_CONVERSION = YES;
				CLANG_WARN_OBJC_IMPLICIT_RETAIN_SELF = YES;
				CLANG_WARN_OBJC_LITERAL_CONVERSION = YES;
				CLANG_WARN_OBJC_ROOT_CLASS = YES_ERROR;
				CLANG_WARN_RANGE_LOOP_ANALYSIS = YES;
				CLANG_WARN_STRICT_PROTOTYPES = YES;
				CLANG_WARN_SUSPICIOUS_MOVE = YES;
				CLANG_WARN_UNGUARDED_AVAILABILITY = YES_AGGRESSIVE;
				CLANG_WARN_UNREACHABLE_CODE = YES;
				CLANG_WARN__DUPLICATE_METHOD_MATCH = YES;
				CODE_SIGN_IDENTITY = "iPhone Developer";
				COPY_PHASE_STRIP = NO;
				DEBUG_INFORMATION_FORMAT = dwarf;
				ENABLE_STRICT_OBJC_MSGSEND = YES;
				ENABLE_TESTABILITY = YES;
				GCC_C_LANGUAGE_STANDARD = gnu11;
				GCC_DYNAMIC_NO_PIC = NO;
				GCC_NO_COMMON_BLOCKS = YES;
				GCC_OPTIMIZATION_LEVEL = 0;
				GCC_PREPROCESSOR_DEFINITIONS = (
					"DEBUG=1",
					"$(inherited)",
				);
				GCC_WARN_64_TO_32_BIT_CONVERSION = YES;
				GCC_WARN_ABOUT_RETURN_TYPE = YES_ERROR;
				GCC_WARN_UNDECLARED_SELECTOR = YES;
				GCC_WARN_UNINITIALIZED_AUTOS = YES_AGGRESSIVE;
				GCC_WARN_UNUSED_FUNCTION = YES;
				GCC_WARN_UNUSED_VARIABLE = YES;
				IPHONEOS_DEPLOYMENT_TARGET = 11.2;
				MTL_ENABLE_DEBUG_INFO = YES;
				ONLY_ACTIVE_ARCH = YES;
				SDKROOT = iphoneos;
				SWIFT_ACTIVE_COMPILATION_CONDITIONS = DEBUG;
				SWIFT_OPTIMIZATION_LEVEL = "-Onone";
			};
			name = Debug;
		};
		6AF366CD210D3F680097114C /* Release */ = {
			isa = XCBuildConfiguration;
			buildSettings = {
				ALWAYS_SEARCH_USER_PATHS = NO;
				CLANG_ANALYZER_NONNULL = YES;
				CLANG_ANALYZER_NUMBER_OBJECT_CONVERSION = YES_AGGRESSIVE;
				CLANG_CXX_LANGUAGE_STANDARD = "gnu++14";
				CLANG_CXX_LIBRARY = "libc++";
				CLANG_ENABLE_MODULES = YES;
				CLANG_ENABLE_OBJC_ARC = YES;
				CLANG_WARN_BLOCK_CAPTURE_AUTORELEASING = YES;
				CLANG_WARN_BOOL_CONVERSION = YES;
				CLANG_WARN_COMMA = YES;
				CLANG_WARN_CONSTANT_CONVERSION = YES;
				CLANG_WARN_DEPRECATED_OBJC_IMPLEMENTATIONS = YES;
				CLANG_WARN_DIRECT_OBJC_ISA_USAGE = YES_ERROR;
				CLANG_WARN_DOCUMENTATION_COMMENTS = YES;
				CLANG_WARN_EMPTY_BODY = YES;
				CLANG_WARN_ENUM_CONVERSION = YES;
				CLANG_WARN_INFINITE_RECURSION = YES;
				CLANG_WARN_INT_CONVERSION = YES;
				CLANG_WARN_NON_LITERAL_NULL_CONVERSION = YES;
				CLANG_WARN_OBJC_IMPLICIT_RETAIN_SELF = YES;
				CLANG_WARN_OBJC_LITERAL_CONVERSION = YES;
				CLANG_WARN_OBJC_ROOT_CLASS = YES_ERROR;
				CLANG_WARN_RANGE_LOOP_ANALYSIS = YES;
				CLANG_WARN_STRICT_PROTOTYPES = YES;
				CLANG_WARN_SUSPICIOUS_MOVE = YES;
				CLANG_WARN_UNGUARDED_AVAILABILITY = YES_AGGRESSIVE;
				CLANG_WARN_UNREACHABLE_CODE = YES;
				CLANG_WARN__DUPLICATE_METHOD_MATCH = YES;
				CODE_SIGN_IDENTITY = "iPhone Developer";
				COPY_PHASE_STRIP = NO;
				DEBUG_INFORMATION_FORMAT = "dwarf-with-dsym";
				ENABLE_NS_ASSERTIONS = NO;
				ENABLE_STRICT_OBJC_MSGSEND = YES;
				GCC_C_LANGUAGE_STANDARD = gnu11;
				GCC_NO_COMMON_BLOCKS = YES;
				GCC_WARN_64_TO_32_BIT_CONVERSION = YES;
				GCC_WARN_ABOUT_RETURN_TYPE = YES_ERROR;
				GCC_WARN_UNDECLARED_SELECTOR = YES;
				GCC_WARN_UNINITIALIZED_AUTOS = YES_AGGRESSIVE;
				GCC_WARN_UNUSED_FUNCTION = YES;
				GCC_WARN_UNUSED_VARIABLE = YES;
				IPHONEOS_DEPLOYMENT_TARGET = 11.2;
				MTL_ENABLE_DEBUG_INFO = NO;
				SDKROOT = iphoneos;
				SWIFT_OPTIMIZATION_LEVEL = "-Owholemodule";
				VALIDATE_PRODUCT = YES;
			};
			name = Release;
		};
		6AF366CF210D3F680097114C /* Debug */ = {
			isa = XCBuildConfiguration;
			baseConfigurationReference = 0C583B795AD71BA999E8D332 /* Pods-github-user-lookup.debug.xcconfig */;
			buildSettings = {
				ASSETCATALOG_COMPILER_APPICON_NAME = AppIcon;
				CODE_SIGN_STYLE = Automatic;
				DEVELOPMENT_TEAM = RN2N3F8SZ7;
				INFOPLIST_FILE = "github-user-lookup/Info.plist";
				LD_RUNPATH_SEARCH_PATHS = "$(inherited) @executable_path/Frameworks";
				PRODUCT_BUNDLE_IDENTIFIER = "com.example.github-user-lookup";
				PRODUCT_NAME = "$(TARGET_NAME)";
				SWIFT_VERSION = 4.0;
				TARGETED_DEVICE_FAMILY = "1,2";
			};
			name = Debug;
		};
		6AF366D0210D3F680097114C /* Release */ = {
			isa = XCBuildConfiguration;
			baseConfigurationReference = 37A19AEB72349830511C5330 /* Pods-github-user-lookup.release.xcconfig */;
			buildSettings = {
				ASSETCATALOG_COMPILER_APPICON_NAME = AppIcon;
				CODE_SIGN_STYLE = Automatic;
				DEVELOPMENT_TEAM = RN2N3F8SZ7;
				INFOPLIST_FILE = "github-user-lookup/Info.plist";
				LD_RUNPATH_SEARCH_PATHS = "$(inherited) @executable_path/Frameworks";
				PRODUCT_BUNDLE_IDENTIFIER = "com.example.github-user-lookup";
				PRODUCT_NAME = "$(TARGET_NAME)";
				SWIFT_VERSION = 4.0;
				TARGETED_DEVICE_FAMILY = "1,2";
			};
			name = Release;
		};
		6AF366D2210D3F680097114C /* Debug */ = {
			isa = XCBuildConfiguration;
			baseConfigurationReference = A7CFAB3E4E7C6E1AB8F8B027 /* Pods-github-user-lookupTests.debug.xcconfig */;
			buildSettings = {
				ALWAYS_EMBED_SWIFT_STANDARD_LIBRARIES = YES;
				BUNDLE_LOADER = "$(TEST_HOST)";
				CODE_SIGN_STYLE = Automatic;
				DEVELOPMENT_TEAM = ZVJQ5QL337;
				INFOPLIST_FILE = "github-user-lookupTests/Info.plist";
				LD_RUNPATH_SEARCH_PATHS = "$(inherited) @executable_path/Frameworks @loader_path/Frameworks";
				PRODUCT_BUNDLE_IDENTIFIER = "com.example.github-user-lookupTests";
				PRODUCT_NAME = "$(TARGET_NAME)";
				SWIFT_VERSION = 4.0;
				TARGETED_DEVICE_FAMILY = "1,2";
				TEST_HOST = "$(BUILT_PRODUCTS_DIR)/github-user-lookup.app/github-user-lookup";
			};
			name = Debug;
		};
		6AF366D3210D3F680097114C /* Release */ = {
			isa = XCBuildConfiguration;
			baseConfigurationReference = A02CF978C24D83F1A0D639AF /* Pods-github-user-lookupTests.release.xcconfig */;
			buildSettings = {
				ALWAYS_EMBED_SWIFT_STANDARD_LIBRARIES = YES;
				BUNDLE_LOADER = "$(TEST_HOST)";
				CODE_SIGN_STYLE = Automatic;
				DEVELOPMENT_TEAM = ZVJQ5QL337;
				INFOPLIST_FILE = "github-user-lookupTests/Info.plist";
				LD_RUNPATH_SEARCH_PATHS = "$(inherited) @executable_path/Frameworks @loader_path/Frameworks";
				PRODUCT_BUNDLE_IDENTIFIER = "com.example.github-user-lookupTests";
				PRODUCT_NAME = "$(TARGET_NAME)";
				SWIFT_VERSION = 4.0;
				TARGETED_DEVICE_FAMILY = "1,2";
				TEST_HOST = "$(BUILT_PRODUCTS_DIR)/github-user-lookup.app/github-user-lookup";
			};
			name = Release;
		};
/* End XCBuildConfiguration section */

/* Begin XCConfigurationList section */
		6AF366AC210D3F680097114C /* Build configuration list for PBXProject "github-user-lookup" */ = {
			isa = XCConfigurationList;
			buildConfigurations = (
				6AF366CC210D3F680097114C /* Debug */,
				6AF366CD210D3F680097114C /* Release */,
			);
			defaultConfigurationIsVisible = 0;
			defaultConfigurationName = Release;
		};
		6AF366CE210D3F680097114C /* Build configuration list for PBXNativeTarget "github-user-lookup" */ = {
			isa = XCConfigurationList;
			buildConfigurations = (
				6AF366CF210D3F680097114C /* Debug */,
				6AF366D0210D3F680097114C /* Release */,
			);
			defaultConfigurationIsVisible = 0;
			defaultConfigurationName = Release;
		};
		6AF366D1210D3F680097114C /* Build configuration list for PBXNativeTarget "github-user-lookupTests" */ = {
			isa = XCConfigurationList;
			buildConfigurations = (
				6AF366D2210D3F680097114C /* Debug */,
				6AF366D3210D3F680097114C /* Release */,
			);
			defaultConfigurationIsVisible = 0;
			defaultConfigurationName = Release;
		};
/* End XCConfigurationList section */
	};
	rootObject = 6AF366A9210D3F680097114C /* Project object */;
}
